
Microsoft Visual Studio Solution File, Format Version 12.00
# Visual Studio Version 17
VisualStudioVersion = 17.8.34330.188
MinimumVisualStudioVersion = 10.0.40219.1
Project("{FAE04EC0-301F-11D3-BF4B-00C04F79EFBC}") = "Part1", "Part1\Part1.csproj", "{19888C88-826D-4C18-A5A1-75E471062E7F}"
EndProject
Project("{FAE04EC0-301F-11D3-BF4B-00C04F79EFBC}") = "Part2", "Part2\Part2.csproj", "{8FF66709-4BF0-4EFA-BED0-3794B1D65D7A}"
EndProject
Global
	GlobalSection(SolutionConfigurationPlatforms) = preSolution
		Debug|Any CPU = Debug|Any CPU
		Release|Any CPU = Release|Any CPU
	EndGlobalSection
	GlobalSection(ProjectConfigurationPlatforms) = postSolution
		{19888C88-826D-4C18-A5A1-75E471062E7F}.Debug|Any CPU.ActiveCfg = Debug|Any CPU
		{19888C88-826D-4C18-A5A1-75E471062E7F}.Debug|Any CPU.Build.0 = Debug|Any CPU
		{19888C88-826D-4C18-A5A1-75E471062E7F}.Release|Any CPU.ActiveCfg = Release|Any CPU
		{19888C88-826D-4C18-A5A1-75E471062E7F}.Release|Any CPU.Build.0 = Release|Any CPU
		{8FF66709-4BF0-4EFA-BED0-3794B1D65D7A}.Debug|Any CPU.ActiveCfg = Debug|Any CPU
		{8FF66709-4BF0-4EFA-BED0-3794B1D65D7A}.Debug|Any CPU.Build.0 = Debug|Any CPU
		{8FF66709-4BF0-4EFA-BED0-3794B1D65D7A}.Release|Any CPU.ActiveCfg = Release|Any CPU
		{8FF66709-4BF0-4EFA-BED0-3794B1D65D7A}.Release|Any CPU.Build.0 = Release|Any CPU
	EndGlobalSection
	GlobalSection(SolutionProperties) = preSolution
		HideSolutionNode = FALSE
	EndGlobalSection
	GlobalSection(ExtensibilityGlobals) = postSolution
		SolutionGuid = {5703A478-9955-49CB-AD20-B414C53FB9A2}
	EndGlobalSection
EndGlobal
