
Microsoft Visual Studio Solution File, Format Version 12.00
# Visual Studio Version 17
VisualStudioVersion = 17.11.35327.3
MinimumVisualStudioVersion = 10.0.40219.1
Project("{FAE04EC0-301F-11D3-BF4B-00C04F79EFBC}") = "Part1", "Part1\Part1.csproj", "{CCDF5F38-B13F-48E0-A24E-018FF02D5802}"
EndProject
Project("{FAE04EC0-301F-11D3-BF4B-00C04F79EFBC}") = "Part2", "Part2\Part2.csproj", "{B7DC5A38-0224-4EE3-9E82-176BFA97E792}"
EndProject
Global
	GlobalSection(SolutionConfigurationPlatforms) = preSolution
		Debug|Any CPU = Debug|Any CPU
		Release|Any CPU = Release|Any CPU
	EndGlobalSection
	GlobalSection(ProjectConfigurationPlatforms) = postSolution
		{CCDF5F38-B13F-48E0-A24E-018FF02D5802}.Debug|Any CPU.ActiveCfg = Debug|Any CPU
		{CCDF5F38-B13F-48E0-A24E-018FF02D5802}.Debug|Any CPU.Build.0 = Debug|Any CPU
		{CCDF5F38-B13F-48E0-A24E-018FF02D5802}.Release|Any CPU.ActiveCfg = Release|Any CPU
		{CCDF5F38-B13F-48E0-A24E-018FF02D5802}.Release|Any CPU.Build.0 = Release|Any CPU
		{B7DC5A38-0224-4EE3-9E82-176BFA97E792}.Debug|Any CPU.ActiveCfg = Debug|Any CPU
		{B7DC5A38-0224-4EE3-9E82-176BFA97E792}.Debug|Any CPU.Build.0 = Debug|Any CPU
		{B7DC5A38-0224-4EE3-9E82-176BFA97E792}.Release|Any CPU.ActiveCfg = Release|Any CPU
		{B7DC5A38-0224-4EE3-9E82-176BFA97E792}.Release|Any CPU.Build.0 = Release|Any CPU
	EndGlobalSection
	GlobalSection(SolutionProperties) = preSolution
		HideSolutionNode = FALSE
	EndGlobalSection
	GlobalSection(ExtensibilityGlobals) = postSolution
		SolutionGuid = {77CADD26-FDF5-4249-AC7A-71A0C6B09119}
	EndGlobalSection
EndGlobal
