
Microsoft Visual Studio Solution File, Format Version 12.00
# Visual Studio Version 17
VisualStudioVersion = 17.8.34330.188
MinimumVisualStudioVersion = 10.0.40219.1
Project("{9A19103F-16F7-4668-BE54-9A1E7A4F7556}") = "Part1", "Part1\Part1.csproj", "{7EB83289-0158-4216-B1CB-6B7141E2B53B}"
EndProject
Project("{FAE04EC0-301F-11D3-BF4B-00C04F79EFBC}") = "Part2", "Part2\Part2.csproj", "{29546623-9A71-48DE-B999-137C181D3E32}"
EndProject
Global
	GlobalSection(SolutionConfigurationPlatforms) = preSolution
		Debug|Any CPU = Debug|Any CPU
		Release|Any CPU = Release|Any CPU
	EndGlobalSection
	GlobalSection(ProjectConfigurationPlatforms) = postSolution
		{7EB83289-0158-4216-B1CB-6B7141E2B53B}.Debug|Any CPU.ActiveCfg = Debug|Any CPU
		{7EB83289-0158-4216-B1CB-6B7141E2B53B}.Debug|Any CPU.Build.0 = Debug|Any CPU
		{7EB83289-0158-4216-B1CB-6B7141E2B53B}.Release|Any CPU.ActiveCfg = Release|Any CPU
		{7EB83289-0158-4216-B1CB-6B7141E2B53B}.Release|Any CPU.Build.0 = Release|Any CPU
		{29546623-9A71-48DE-B999-137C181D3E32}.Debug|Any CPU.ActiveCfg = Debug|Any CPU
		{29546623-9A71-48DE-B999-137C181D3E32}.Debug|Any CPU.Build.0 = Debug|Any CPU
		{29546623-9A71-48DE-B999-137C181D3E32}.Release|Any CPU.ActiveCfg = Release|Any CPU
		{29546623-9A71-48DE-B999-137C181D3E32}.Release|Any CPU.Build.0 = Release|Any CPU
	EndGlobalSection
	GlobalSection(SolutionProperties) = preSolution
		HideSolutionNode = FALSE
	EndGlobalSection
	GlobalSection(ExtensibilityGlobals) = postSolution
		SolutionGuid = {724D301A-5C94-479C-8A33-3F702629FB4B}
	EndGlobalSection
EndGlobal
