
Microsoft Visual Studio Solution File, Format Version 12.00
# Visual Studio Version 17
VisualStudioVersion = 17.8.34330.188
MinimumVisualStudioVersion = 10.0.40219.1
Project("{9A19103F-16F7-4668-BE54-9A1E7A4F7556}") = "Part1", "Part1\Part1.csproj", "{541745DF-7AA6-4EE4-8495-E8826CED7ADA}"
EndProject
Project("{FAE04EC0-301F-11D3-BF4B-00C04F79EFBC}") = "Part2", "Part2\Part2.csproj", "{072372D3-7112-49FB-B65B-1D51D3CDA66B}"
EndProject
Global
	GlobalSection(SolutionConfigurationPlatforms) = preSolution
		Debug|Any CPU = Debug|Any CPU
		Release|Any CPU = Release|Any CPU
	EndGlobalSection
	GlobalSection(ProjectConfigurationPlatforms) = postSolution
		{541745DF-7AA6-4EE4-8495-E8826CED7ADA}.Debug|Any CPU.ActiveCfg = Debug|Any CPU
		{541745DF-7AA6-4EE4-8495-E8826CED7ADA}.Debug|Any CPU.Build.0 = Debug|Any CPU
		{541745DF-7AA6-4EE4-8495-E8826CED7ADA}.Release|Any CPU.ActiveCfg = Release|Any CPU
		{541745DF-7AA6-4EE4-8495-E8826CED7ADA}.Release|Any CPU.Build.0 = Release|Any CPU
		{072372D3-7112-49FB-B65B-1D51D3CDA66B}.Debug|Any CPU.ActiveCfg = Debug|Any CPU
		{072372D3-7112-49FB-B65B-1D51D3CDA66B}.Debug|Any CPU.Build.0 = Debug|Any CPU
		{072372D3-7112-49FB-B65B-1D51D3CDA66B}.Release|Any CPU.ActiveCfg = Release|Any CPU
		{072372D3-7112-49FB-B65B-1D51D3CDA66B}.Release|Any CPU.Build.0 = Release|Any CPU
	EndGlobalSection
	GlobalSection(SolutionProperties) = preSolution
		HideSolutionNode = FALSE
	EndGlobalSection
	GlobalSection(ExtensibilityGlobals) = postSolution
		SolutionGuid = {0E38CE99-1D2F-4BF1-A5FD-06C6DB90ED55}
	EndGlobalSection
EndGlobal
