
Microsoft Visual Studio Solution File, Format Version 12.00
# Visual Studio Version 17
VisualStudioVersion = 17.14.36414.22 d17.14
MinimumVisualStudioVersion = 10.0.40219.1
Project("{FAE04EC0-301F-11D3-BF4B-00C04F79EFBC}") = "Part1", "Part1\Part1.csproj", "{1EEFB499-5C44-425C-801D-D0D16EDF40D7}"
EndProject
Project("{FAE04EC0-301F-11D3-BF4B-00C04F79EFBC}") = "Part2", "Part2\Part2.csproj", "{F42DEA1D-2935-42D1-8C6B-7E52F110B945}"
EndProject
Global
	GlobalSection(SolutionConfigurationPlatforms) = preSolution
		Debug|Any CPU = Debug|Any CPU
		Release|Any CPU = Release|Any CPU
	EndGlobalSection
	GlobalSection(ProjectConfigurationPlatforms) = postSolution
		{1EEFB499-5C44-425C-801D-D0D16EDF40D7}.Debug|Any CPU.ActiveCfg = Debug|Any CPU
		{1EEFB499-5C44-425C-801D-D0D16EDF40D7}.Debug|Any CPU.Build.0 = Debug|Any CPU
		{1EEFB499-5C44-425C-801D-D0D16EDF40D7}.Release|Any CPU.ActiveCfg = Release|Any CPU
		{1EEFB499-5C44-425C-801D-D0D16EDF40D7}.Release|Any CPU.Build.0 = Release|Any CPU
		{F42DEA1D-2935-42D1-8C6B-7E52F110B945}.Debug|Any CPU.ActiveCfg = Debug|Any CPU
		{F42DEA1D-2935-42D1-8C6B-7E52F110B945}.Debug|Any CPU.Build.0 = Debug|Any CPU
		{F42DEA1D-2935-42D1-8C6B-7E52F110B945}.Release|Any CPU.ActiveCfg = Release|Any CPU
		{F42DEA1D-2935-42D1-8C6B-7E52F110B945}.Release|Any CPU.Build.0 = Release|Any CPU
	EndGlobalSection
	GlobalSection(SolutionProperties) = preSolution
		HideSolutionNode = FALSE
	EndGlobalSection
	GlobalSection(ExtensibilityGlobals) = postSolution
		SolutionGuid = {D6EB34D3-6D30-4BA3-8580-9ABA339CB241}
	EndGlobalSection
EndGlobal
