
Microsoft Visual Studio Solution File, Format Version 12.00
# Visual Studio Version 17
VisualStudioVersion = 17.8.34309.116
MinimumVisualStudioVersion = 10.0.40219.1
Project("{FAE04EC0-301F-11D3-BF4B-00C04F79EFBC}") = "Part2", "Part2.csproj", "{E81B71CD-DF23-44F8-A6FB-BA45C8D8AD6E}"
EndProject
Global
	GlobalSection(SolutionConfigurationPlatforms) = preSolution
		Debug|Any CPU = Debug|Any CPU
		Release|Any CPU = Release|Any CPU
	EndGlobalSection
	GlobalSection(ProjectConfigurationPlatforms) = postSolution
		{E81B71CD-DF23-44F8-A6FB-BA45C8D8AD6E}.Debug|Any CPU.ActiveCfg = Debug|Any CPU
		{E81B71CD-DF23-44F8-A6FB-BA45C8D8AD6E}.Debug|Any CPU.Build.0 = Debug|Any CPU
		{E81B71CD-DF23-44F8-A6FB-BA45C8D8AD6E}.Release|Any CPU.ActiveCfg = Release|Any CPU
		{E81B71CD-DF23-44F8-A6FB-BA45C8D8AD6E}.Release|Any CPU.Build.0 = Release|Any CPU
	EndGlobalSection
	GlobalSection(SolutionProperties) = preSolution
		HideSolutionNode = FALSE
	EndGlobalSection
	GlobalSection(ExtensibilityGlobals) = postSolution
		SolutionGuid = {5B1B57E0-7D5F-463C-91BA-D362E8C708C1}
	EndGlobalSection
EndGlobal
