
Microsoft Visual Studio Solution File, Format Version 12.00
# Visual Studio Version 17
VisualStudioVersion = 17.11.35303.130
MinimumVisualStudioVersion = 10.0.40219.1
Project("{FAE04EC0-301F-11D3-BF4B-00C04F79EFBC}") = "Part1", "Part1\Part1.csproj", "{B96D0DB7-3759-4469-B1C7-4727EE2E4EBA}"
EndProject
Project("{FAE04EC0-301F-11D3-BF4B-00C04F79EFBC}") = "Part2", "Part2\Part2.csproj", "{D75C2C85-7C97-43B2-A2F4-309985BACFAB}"
EndProject
Global
	GlobalSection(SolutionConfigurationPlatforms) = preSolution
		Debug|Any CPU = Debug|Any CPU
		Release|Any CPU = Release|Any CPU
	EndGlobalSection
	GlobalSection(ProjectConfigurationPlatforms) = postSolution
		{B96D0DB7-3759-4469-B1C7-4727EE2E4EBA}.Debug|Any CPU.ActiveCfg = Debug|Any CPU
		{B96D0DB7-3759-4469-B1C7-4727EE2E4EBA}.Debug|Any CPU.Build.0 = Debug|Any CPU
		{B96D0DB7-3759-4469-B1C7-4727EE2E4EBA}.Release|Any CPU.ActiveCfg = Release|Any CPU
		{B96D0DB7-3759-4469-B1C7-4727EE2E4EBA}.Release|Any CPU.Build.0 = Release|Any CPU
		{D75C2C85-7C97-43B2-A2F4-309985BACFAB}.Debug|Any CPU.ActiveCfg = Debug|Any CPU
		{D75C2C85-7C97-43B2-A2F4-309985BACFAB}.Debug|Any CPU.Build.0 = Debug|Any CPU
		{D75C2C85-7C97-43B2-A2F4-309985BACFAB}.Release|Any CPU.ActiveCfg = Release|Any CPU
		{D75C2C85-7C97-43B2-A2F4-309985BACFAB}.Release|Any CPU.Build.0 = Release|Any CPU
	EndGlobalSection
	GlobalSection(SolutionProperties) = preSolution
		HideSolutionNode = FALSE
	EndGlobalSection
	GlobalSection(ExtensibilityGlobals) = postSolution
		SolutionGuid = {0C904031-C1A8-4120-A0FE-0728DCE37A88}
	EndGlobalSection
EndGlobal
