
Microsoft Visual Studio Solution File, Format Version 12.00
# Visual Studio Version 17
VisualStudioVersion = 17.11.35303.130
MinimumVisualStudioVersion = 10.0.40219.1
Project("{FAE04EC0-301F-11D3-BF4B-00C04F79EFBC}") = "Part1", "Part1\Part1.csproj", "{B6C4345C-383A-434D-9094-F43AE1C5DFCD}"
EndProject
Project("{FAE04EC0-301F-11D3-BF4B-00C04F79EFBC}") = "Part2", "Part2\Part2.csproj", "{58101A19-B350-4B37-A928-109E390574F6}"
EndProject
Global
	GlobalSection(SolutionConfigurationPlatforms) = preSolution
		Debug|Any CPU = Debug|Any CPU
		Release|Any CPU = Release|Any CPU
	EndGlobalSection
	GlobalSection(ProjectConfigurationPlatforms) = postSolution
		{B6C4345C-383A-434D-9094-F43AE1C5DFCD}.Debug|Any CPU.ActiveCfg = Debug|Any CPU
		{B6C4345C-383A-434D-9094-F43AE1C5DFCD}.Debug|Any CPU.Build.0 = Debug|Any CPU
		{B6C4345C-383A-434D-9094-F43AE1C5DFCD}.Release|Any CPU.ActiveCfg = Release|Any CPU
		{B6C4345C-383A-434D-9094-F43AE1C5DFCD}.Release|Any CPU.Build.0 = Release|Any CPU
		{58101A19-B350-4B37-A928-109E390574F6}.Debug|Any CPU.ActiveCfg = Debug|Any CPU
		{58101A19-B350-4B37-A928-109E390574F6}.Debug|Any CPU.Build.0 = Debug|Any CPU
		{58101A19-B350-4B37-A928-109E390574F6}.Release|Any CPU.ActiveCfg = Release|Any CPU
		{58101A19-B350-4B37-A928-109E390574F6}.Release|Any CPU.Build.0 = Release|Any CPU
	EndGlobalSection
	GlobalSection(SolutionProperties) = preSolution
		HideSolutionNode = FALSE
	EndGlobalSection
	GlobalSection(ExtensibilityGlobals) = postSolution
		SolutionGuid = {D575F23C-94A9-4E99-B294-8F58BCD516F6}
	EndGlobalSection
EndGlobal
